
Microsoft Visual Studio Solution File, Format Version 12.00
# Visual Studio Version 16
VisualStudioVersion = 16.0.31205.134
MinimumVisualStudioVersion = 10.0.40219.1
Project("{FAE04EC0-301F-11D3-BF4B-00C04F79EFBC}") = "RS.Unpacker", "RS.Unpacker\RS.Unpacker.csproj", "{24557027-D48C-4DC6-864A-08FFA1A6BF76}"
EndProject
Global
	GlobalSection(SolutionConfigurationPlatforms) = preSolution
		Debug|Any CPU = Debug|Any CPU
		Release|Any CPU = Release|Any CPU
	EndGlobalSection
	GlobalSection(ProjectConfigurationPlatforms) = postSolution
		{24557027-D48C-4DC6-864A-08FFA1A6BF76}.Debug|Any CPU.ActiveCfg = Debug|Any CPU
		{24557027-D48C-4DC6-864A-08FFA1A6BF76}.Debug|Any CPU.Build.0 = Debug|Any CPU
		{24557027-D48C-4DC6-864A-08FFA1A6BF76}.Release|Any CPU.ActiveCfg = Release|Any CPU
		{24557027-D48C-4DC6-864A-08FFA1A6BF76}.Release|Any CPU.Build.0 = Release|Any CPU
	EndGlobalSection
	GlobalSection(SolutionProperties) = preSolution
		HideSolutionNode = FALSE
	EndGlobalSection
	GlobalSection(ExtensibilityGlobals) = postSolution
		SolutionGuid = {8F3335AA-7856-4C9D-A7DA-EC6DF7B93DE7}
	EndGlobalSection
EndGlobal
